
Microsoft Visual Studio Solution File, Format Version 12.00
# Visual Studio Version 17
VisualStudioVersion = 17.7.34009.444
MinimumVisualStudioVersion = 10.0.40219.1
Project("{888888A0-9F3D-457C-B088-3A5042F75D52}") = "Helic", "Helic.pyproj", "{60E67DCA-50E7-4717-9622-8945C2637002}"
EndProject
Project("{2150E333-8FDC-42A3-9474-1A3956D46DE8}") = "Элементы решения", "Элементы решения", "{158A00D6-73E1-41F0-B72A-A8BBD437A5A3}"
	ProjectSection(SolutionItems) = preProject
		task.txt = task.txt
	EndProjectSection
EndProject
Global
	GlobalSection(SolutionConfigurationPlatforms) = preSolution
		Debug|Any CPU = Debug|Any CPU
		Release|Any CPU = Release|Any CPU
	EndGlobalSection
	GlobalSection(ProjectConfigurationPlatforms) = postSolution
		{60E67DCA-50E7-4717-9622-8945C2637002}.Debug|Any CPU.ActiveCfg = Debug|Any CPU
		{60E67DCA-50E7-4717-9622-8945C2637002}.Release|Any CPU.ActiveCfg = Release|Any CPU
	EndGlobalSection
	GlobalSection(SolutionProperties) = preSolution
		HideSolutionNode = FALSE
	EndGlobalSection
	GlobalSection(ExtensibilityGlobals) = postSolution
		SolutionGuid = {D396E858-1C00-4A5D-9F9F-4E41DC46E163}
	EndGlobalSection
EndGlobal
